// !$*UTF8*$!
{
	archiveVersion = 1;
	classes = {
	};
	objectVersion = 46;
	objects = {

/* Begin PBXBuildFile section */
		B8D1882D1AFE9E7A003E5DBE /* main.m in Sources */ = {isa = PBXBuildFile; fileRef = B8D1882C1AFE9E7A003E5DBE /* main.m */; };
		B8D188301AFE9E7A003E5DBE /* AppDelegate.m in Sources */ = {isa = PBXBuildFile; fileRef = B8D1882F1AFE9E7A003E5DBE /* AppDelegate.m */; };
		B8D188331AFE9E7A003E5DBE /* ViewController.m in Sources */ = {isa = PBXBuildFile; fileRef = B8D188321AFE9E7A003E5DBE /* ViewController.m */; };
		B8D188361AFE9E7A003E5DBE /* Main.storyboard in Resources */ = {isa = PBXBuildFile; fileRef = B8D188341AFE9E7A003E5DBE /* Main.storyboard */; };
		B8D188381AFE9E7A003E5DBE /* Images.xcassets in Resources */ = {isa = PBXBuildFile; fileRef = B8D188371AFE9E7A003E5DBE /* Images.xcassets */; };
		B8D1883B1AFE9E7A003E5DBE /* LaunchScreen.xib in Resources */ = {isa = PBXBuildFile; fileRef = B8D188391AFE9E7A003E5DBE /* LaunchScreen.xib */; };
		B8D188471AFE9E7A003E5DBE /* goodwillTests.m in Sources */ = {isa = PBXBuildFile; fileRef = B8D188461AFE9E7A003E5DBE /* goodwillTests.m */; };
/* End PBXBuildFile section */

/* Begin PBXContainerItemProxy section */
		B8D188411AFE9E7A003E5DBE /* PBXContainerItemProxy */ = {
			isa = PBXContainerItemProxy;
			containerPortal = B8D1881F1AFE9E7A003E5DBE /* Project object */;
			proxyType = 1;
			remoteGlobalIDString = B8D188261AFE9E7A003E5DBE;
			remoteInfo = goodwill;
		};
/* End PBXContainerItemProxy section */

/* Begin PBXFileReference section */
		B8D188271AFE9E7A003E5DBE /* goodwill.app */ = {isa = PBXFileReference; explicitFileType = wrapper.application; includeInIndex = 0; path = goodwill.app; sourceTree = BUILT_PRODUCTS_DIR; };
		B8D1882B1AFE9E7A003E5DBE /* Info.plist */ = {isa = PBXFileReference; lastKnownFileType = text.plist.xml; path = Info.plist; sourceTree = "<group>"; };
		B8D1882C1AFE9E7A003E5DBE /* main.m */ = {isa = PBXFileReference; lastKnownFileType = sourcecode.c.objc; path = main.m; sourceTree = "<group>"; };
		B8D1882E1AFE9E7A003E5DBE /* AppDelegate.h */ = {isa = PBXFileReference; lastKnownFileType = sourcecode.c.h; path = AppDelegate.h; sourceTree = "<group>"; };
		B8D1882F1AFE9E7A003E5DBE /* AppDelegate.m */ = {isa = PBXFileReference; lastKnownFileType = sourcecode.c.objc; path = AppDelegate.m; sourceTree = "<group>"; };
		B8D188311AFE9E7A003E5DBE /* ViewController.h */ = {isa = PBXFileReference; lastKnownFileType = sourcecode.c.h; path = ViewController.h; sourceTree = "<group>"; };
		B8D188321AFE9E7A003E5DBE /* ViewController.m */ = {isa = PBXFileReference; lastKnownFileType = sourcecode.c.objc; path = ViewController.m; sourceTree = "<group>"; };
		B8D188351AFE9E7A003E5DBE /* Base */ = {isa = PBXFileReference; lastKnownFileType = file.storyboard; name = Base; path = Base.lproj/Main.storyboard; sourceTree = "<group>"; };
		B8D188371AFE9E7A003E5DBE /* Images.xcassets */ = {isa = PBXFileReference; lastKnownFileType = folder.assetcatalog; path = Images.xcassets; sourceTree = "<group>"; };
		B8D1883A1AFE9E7A003E5DBE /* Base */ = {isa = PBXFileReference; lastKnownFileType = file.xib; name = Base; path = Base.lproj/LaunchScreen.xib; sourceTree = "<group>"; };
		B8D188401AFE9E7A003E5DBE /* goodwillTests.xctest */ = {isa = PBXFileReference; explicitFileType = wrapper.cfbundle; includeInIndex = 0; path = goodwillTests.xctest; sourceTree = BUILT_PRODUCTS_DIR; };
		B8D188451AFE9E7A003E5DBE /* Info.plist */ = {isa = PBXFileReference; lastKnownFileType = text.plist.xml; path = Info.plist; sourceTree = "<group>"; };
		B8D188461AFE9E7A003E5DBE /* goodwillTests.m */ = {isa = PBXFileReference; lastKnownFileType = sourcecode.c.objc; path = goodwillTests.m; sourceTree = "<group>"; };
/* End PBXFileReference section */

/* Begin PBXFrameworksBuildPhase section */
		B8D188241AFE9E7A003E5DBE /* Frameworks */ = {
			isa = PBXFrameworksBuildPhase;
			buildActionMask = 2147483647;
			files = (
			);
			runOnlyForDeploymentPostprocessing = 0;
		};
		B8D1883D1AFE9E7A003E5DBE /* Frameworks */ = {
			isa = PBXFrameworksBuildPhase;
			buildActionMask = 2147483647;
			files = (
			);
			runOnlyForDeploymentPostprocessing = 0;
		};
/* End PBXFrameworksBuildPhase section */

/* Begin PBXGroup section */
		B8D1881E1AFE9E7A003E5DBE = {
			isa = PBXGroup;
			children = (
				B8D188291AFE9E7A003E5DBE /* goodwill */,
				B8D188431AFE9E7A003E5DBE /* goodwillTests */,
				B8D188281AFE9E7A003E5DBE /* Products */,
			);
			sourceTree = "<group>";
		};
		B8D188281AFE9E7A003E5DBE /* Products */ = {
			isa = PBXGroup;
			children = (
				B8D188271AFE9E7A003E5DBE /* goodwill.app */,
				B8D188401AFE9E7A003E5DBE /* goodwillTests.xctest */,
			);
			name = Products;
			sourceTree = "<group>";
		};
		B8D188291AFE9E7A003E5DBE /* goodwill */ = {
			isa = PBXGroup;
			children = (
				B8D1882E1AFE9E7A003E5DBE /* AppDelegate.h */,
				B8D1882F1AFE9E7A003E5DBE /* AppDelegate.m */,
				B8D188311AFE9E7A003E5DBE /* ViewController.h */,
				B8D188321AFE9E7A003E5DBE /* ViewController.m */,
				B8D188341AFE9E7A003E5DBE /* Main.storyboard */,
				B8D188371AFE9E7A003E5DBE /* Images.xcassets */,
				B8D188391AFE9E7A003E5DBE /* LaunchScreen.xib */,
				B8D1882A1AFE9E7A003E5DBE /* Supporting Files */,
			);
			path = goodwill;
			sourceTree = "<group>";
		};
		B8D1882A1AFE9E7A003E5DBE /* Supporting Files */ = {
			isa = PBXGroup;
			children = (
				B8D1882B1AFE9E7A003E5DBE /* Info.plist */,
				B8D1882C1AFE9E7A003E5DBE /* main.m */,
			);
			name = "Supporting Files";
			sourceTree = "<group>";
		};
		B8D188431AFE9E7A003E5DBE /* goodwillTests */ = {
			isa = PBXGroup;
			children = (
				B8D188461AFE9E7A003E5DBE /* goodwillTests.m */,
				B8D188441AFE9E7A003E5DBE /* Supporting Files */,
			);
			path = goodwillTests;
			sourceTree = "<group>";
		};
		B8D188441AFE9E7A003E5DBE /* Supporting Files */ = {
			isa = PBXGroup;
			children = (
				B8D188451AFE9E7A003E5DBE /* Info.plist */,
			);
			name = "Supporting Files";
			sourceTree = "<group>";
		};
/* End PBXGroup section */

/* Begin PBXNativeTarget section */
		B8D188261AFE9E7A003E5DBE /* goodwill */ = {
			isa = PBXNativeTarget;
			buildConfigurationList = B8D1884A1AFE9E7A003E5DBE /* Build configuration list for PBXNativeTarget "goodwill" */;
			buildPhases = (
				B8D188231AFE9E7A003E5DBE /* Sources */,
				B8D188241AFE9E7A003E5DBE /* Frameworks */,
				B8D188251AFE9E7A003E5DBE /* Resources */,
			);
			buildRules = (
			);
			dependencies = (
			);
			name = goodwill;
			productName = goodwill;
			productReference = B8D188271AFE9E7A003E5DBE /* goodwill.app */;
			productType = "com.apple.product-type.application";
		};
		B8D1883F1AFE9E7A003E5DBE /* goodwillTests */ = {
			isa = PBXNativeTarget;
			buildConfigurationList = B8D1884D1AFE9E7A003E5DBE /* Build configuration list for PBXNativeTarget "goodwillTests" */;
			buildPhases = (
				B8D1883C1AFE9E7A003E5DBE /* Sources */,
				B8D1883D1AFE9E7A003E5DBE /* Frameworks */,
				B8D1883E1AFE9E7A003E5DBE /* Resources */,
			);
			buildRules = (
			);
			dependencies = (
				B8D188421AFE9E7A003E5DBE /* PBXTargetDependency */,
			);
			name = goodwillTests;
			productName = goodwillTests;
			productReference = B8D188401AFE9E7A003E5DBE /* goodwillTests.xctest */;
			productType = "com.apple.product-type.bundle.unit-test";
		};
/* End PBXNativeTarget section */

/* Begin PBXProject section */
		B8D1881F1AFE9E7A003E5DBE /* Project object */ = {
			isa = PBXProject;
			attributes = {
				LastUpgradeCheck = 0630;
				ORGANIZATIONNAME = gopintu;
				TargetAttributes = {
					B8D188261AFE9E7A003E5DBE = {
						CreatedOnToolsVersion = 6.3.1;
					};
					B8D1883F1AFE9E7A003E5DBE = {
						CreatedOnToolsVersion = 6.3.1;
						TestTargetID = B8D188261AFE9E7A003E5DBE;
					};
				};
			};
			buildConfigurationList = B8D188221AFE9E7A003E5DBE /* Build configuration list for PBXProject "goodwill" */;
			compatibilityVersion = "Xcode 3.2";
			developmentRegion = English;
			hasScannedForEncodings = 0;
			knownRegions = (
				en,
				Base,
			);
			mainGroup = B8D1881E1AFE9E7A003E5DBE;
			productRefGroup = B8D188281AFE9E7A003E5DBE /* Products */;
			projectDirPath = "";
			projectRoot = "";
			targets = (
				B8D188261AFE9E7A003E5DBE /* goodwill */,
				B8D1883F1AFE9E7A003E5DBE /* goodwillTests */,
			);
		};
/* End PBXProject section */

/* Begin PBXResourcesBuildPhase section */
		B8D188251AFE9E7A003E5DBE /* Resources */ = {
			isa = PBXResourcesBuildPhase;
			buildActionMask = 2147483647;
			files = (
				B8D188361AFE9E7A003E5DBE /* Main.storyboard in Resources */,
				B8D1883B1AFE9E7A003E5DBE /* LaunchScreen.xib in Resources */,
				B8D188381AFE9E7A003E5DBE /* Images.xcassets in Resources */,
			);
			runOnlyForDeploymentPostprocessing = 0;
		};
		B8D1883E1AFE9E7A003E5DBE /* Resources */ = {
			isa = PBXResourcesBuildPhase;
			buildActionMask = 2147483647;
			files = (
			);
			runOnlyForDeploymentPostprocessing = 0;
		};
/* End PBXResourcesBuildPhase section */

/* Begin PBXSourcesBuildPhase section */
		B8D188231AFE9E7A003E5DBE /* Sources */ = {
			isa = PBXSourcesBuildPhase;
			buildActionMask = 2147483647;
			files = (
				B8D188331AFE9E7A003E5DBE /* ViewController.m in Sources */,
				B8D188301AFE9E7A003E5DBE /* AppDelegate.m in Sources */,
				B8D1882D1AFE9E7A003E5DBE /* main.m in Sources */,
			);
			runOnlyForDeploymentPostprocessing = 0;
		};
		B8D1883C1AFE9E7A003E5DBE /* Sources */ = {
			isa = PBXSourcesBuildPhase;
			buildActionMask = 2147483647;
			files = (
				B8D188471AFE9E7A003E5DBE /* goodwillTests.m in Sources */,
			);
			runOnlyForDeploymentPostprocessing = 0;
		};
/* End PBXSourcesBuildPhase section */

/* Begin PBXTargetDependency section */
		B8D188421AFE9E7A003E5DBE /* PBXTargetDependency */ = {
			isa = PBXTargetDependency;
			target = B8D188261AFE9E7A003E5DBE /* goodwill */;
			targetProxy = B8D188411AFE9E7A003E5DBE /* PBXContainerItemProxy */;
		};
/* End PBXTargetDependency section */

/* Begin PBXVariantGroup section */
		B8D188341AFE9E7A003E5DBE /* Main.storyboard */ = {
			isa = PBXVariantGroup;
			children = (
				B8D188351AFE9E7A003E5DBE /* Base */,
			);
			name = Main.storyboard;
			sourceTree = "<group>";
		};
		B8D188391AFE9E7A003E5DBE /* LaunchScreen.xib */ = {
			isa = PBXVariantGroup;
			children = (
				B8D1883A1AFE9E7A003E5DBE /* Base */,
			);
			name = LaunchScreen.xib;
			sourceTree = "<group>";
		};
/* End PBXVariantGroup section */

/* Begin XCBuildConfiguration section */
		B8D188481AFE9E7A003E5DBE /* Debug */ = {
			isa = XCBuildConfiguration;
			buildSettings = {
				ALWAYS_SEARCH_USER_PATHS = NO;
				CLANG_CXX_LANGUAGE_STANDARD = "gnu++0x";
				CLANG_CXX_LIBRARY = "libc++";
				CLANG_ENABLE_MODULES = YES;
				CLANG_ENABLE_OBJC_ARC = YES;
				CLANG_WARN_BOOL_CONVERSION = YES;
				CLANG_WARN_CONSTANT_CONVERSION = YES;
				CLANG_WARN_DIRECT_OBJC_ISA_USAGE = YES_ERROR;
				CLANG_WARN_EMPTY_BODY = YES;
				CLANG_WARN_ENUM_CONVERSION = YES;
				CLANG_WARN_INT_CONVERSION = YES;
				CLANG_WARN_OBJC_ROOT_CLASS = YES_ERROR;
				CLANG_WARN_UNREACHABLE_CODE = YES;
				CLANG_WARN__DUPLICATE_METHOD_MATCH = YES;
				"CODE_SIGN_IDENTITY[sdk=iphoneos*]" = "iPhone Developer";
				COPY_PHASE_STRIP = NO;
				DEBUG_INFORMATION_FORMAT = "dwarf-with-dsym";
				ENABLE_STRICT_OBJC_MSGSEND = YES;
				GCC_C_LANGUAGE_STANDARD = gnu99;
				GCC_DYNAMIC_NO_PIC = NO;
				GCC_NO_COMMON_BLOCKS = YES;
				GCC_OPTIMIZATION_LEVEL = 0;
				GCC_PREPROCESSOR_DEFINITIONS = (
					"DEBUG=1",
					"$(inherited)",
				);
				GCC_SYMBOLS_PRIVATE_EXTERN = NO;
				GCC_WARN_64_TO_32_BIT_CONVERSION = YES;
				GCC_WARN_ABOUT_RETURN_TYPE = YES_ERROR;
				GCC_WARN_UNDECLARED_SELECTOR = YES;
				GCC_WARN_UNINITIALIZED_AUTOS = YES_AGGRESSIVE;
				GCC_WARN_UNUSED_FUNCTION = YES;
				GCC_WARN_UNUSED_VARIABLE = YES;
				IPHONEOS_DEPLOYMENT_TARGET = 8.3;
				MTL_ENABLE_DEBUG_INFO = YES;
				ONLY_ACTIVE_ARCH = YES;
				SDKROOT = iphoneos;
			};
			name = Debug;
		};
		B8D188491AFE9E7A003E5DBE /* Release */ = {
			isa = XCBuildConfiguration;
			buildSettings = {
				ALWAYS_SEARCH_USER_PATHS = NO;
				CLANG_CXX_LANGUAGE_STANDARD = "gnu++0x";
				CLANG_CXX_LIBRARY = "libc++";
				CLANG_ENABLE_MODULES = YES;
				CLANG_ENABLE_OBJC_ARC = YES;
				CLANG_WARN_BOOL_CONVERSION = YES;
				CLANG_WARN_CONSTANT_CONVERSION = YES;
				CLANG_WARN_DIRECT_OBJC_ISA_USAGE = YES_ERROR;
				CLANG_WARN_EMPTY_BODY = YES;
				CLANG_WARN_ENUM_CONVERSION = YES;
				CLANG_WARN_INT_CONVERSION = YES;
				CLANG_WARN_OBJC_ROOT_CLASS = YES_ERROR;
				CLANG_WARN_UNREACHABLE_CODE = YES;
				CLANG_WARN__DUPLICATE_METHOD_MATCH = YES;
				"CODE_SIGN_IDENTITY[sdk=iphoneos*]" = "iPhone Developer";
				COPY_PHASE_STRIP = NO;
				DEBUG_INFORMATION_FORMAT = "dwarf-with-dsym";
				ENABLE_NS_ASSERTIONS = NO;
				ENABLE_STRICT_OBJC_MSGSEND = YES;
				GCC_C_LANGUAGE_STANDARD = gnu99;
				GCC_NO_COMMON_BLOCKS = YES;
				GCC_WARN_64_TO_32_BIT_CONVERSION = YES;
				GCC_WARN_ABOUT_RETURN_TYPE = YES_ERROR;
				GCC_WARN_UNDECLARED_SELECTOR = YES;
				GCC_WARN_UNINITIALIZED_AUTOS = YES_AGGRESSIVE;
				GCC_WARN_UNUSED_FUNCTION = YES;
				GCC_WARN_UNUSED_VARIABLE = YES;
				IPHONEOS_DEPLOYMENT_TARGET = 8.3;
				MTL_ENABLE_DEBUG_INFO = NO;
				SDKROOT = iphoneos;
				VALIDATE_PRODUCT = YES;
			};
			name = Release;
		};
		B8D1884B1AFE9E7A003E5DBE /* Debug */ = {
			isa = XCBuildConfiguration;
			buildSettings = {
				ASSETCATALOG_COMPILER_APPICON_NAME = AppIcon;
				INFOPLIST_FILE = goodwill/Info.plist;
				LD_RUNPATH_SEARCH_PATHS = "$(inherited) @executable_path/Frameworks";
				PRODUCT_NAME = "$(TARGET_NAME)";
			};
			name = Debug;
		};
		B8D1884C1AFE9E7A003E5DBE /* Release */ = {
			isa = XCBuildConfiguration;
			buildSettings = {
				ASSETCATALOG_COMPILER_APPICON_NAME = AppIcon;
				INFOPLIST_FILE = goodwill/Info.plist;
				LD_RUNPATH_SEARCH_PATHS = "$(inherited) @executable_path/Frameworks";
				PRODUCT_NAME = "$(TARGET_NAME)";
			};
			name = Release;
		};
		B8D1884E1AFE9E7A003E5DBE /* Debug */ = {
			isa = XCBuildConfiguration;
			buildSettings = {
				BUNDLE_LOADER = "$(TEST_HOST)";
				FRAMEWORK_SEARCH_PATHS = (
					"$(SDKROOT)/Developer/Library/Frameworks",
					"$(inherited)",
				);
				GCC_PREPROCESSOR_DEFINITIONS = (
					"DEBUG=1",
					"$(inherited)",
				);
				INFOPLIST_FILE = goodwillTests/Info.plist;
				LD_RUNPATH_SEARCH_PATHS = "$(inherited) @executable_path/Frameworks @loader_path/Frameworks";
				PRODUCT_NAME = "$(TARGET_NAME)";
				TEST_HOST = "$(BUILT_PRODUCTS_DIR)/goodwill.app/goodwill";
			};
			name = Debug;
		};
		B8D1884F1AFE9E7A003E5DBE /* Release */ = {
			isa = XCBuildConfiguration;
			buildSettings = {
				BUNDLE_LOADER = "$(TEST_HOST)";
				FRAMEWORK_SEARCH_PATHS = (
					"$(SDKROOT)/Developer/Library/Frameworks",
					"$(inherited)",
				);
				INFOPLIST_FILE = goodwillTests/Info.plist;
				LD_RUNPATH_SEARCH_PATHS = "$(inherited) @executable_path/Frameworks @loader_path/Frameworks";
				PRODUCT_NAME = "$(TARGET_NAME)";
				TEST_HOST = "$(BUILT_PRODUCTS_DIR)/goodwill.app/goodwill";
			};
			name = Release;
		};
/* End XCBuildConfiguration section */

/* Begin XCConfigurationList section */
		B8D188221AFE9E7A003E5DBE /* Build configuration list for PBXProject "goodwill" */ = {
			isa = XCConfigurationList;
			buildConfigurations = (
				B8D188481AFE9E7A003E5DBE /* Debug */,
				B8D188491AFE9E7A003E5DBE /* Release */,
			);
			defaultConfigurationIsVisible = 0;
			defaultConfigurationName = Release;
		};
		B8D1884A1AFE9E7A003E5DBE /* Build configuration list for PBXNativeTarget "goodwill" */ = {
			isa = XCConfigurationList;
			buildConfigurations = (
				B8D1884B1AFE9E7A003E5DBE /* Debug */,
				B8D1884C1AFE9E7A003E5DBE /* Release */,
			);
			defaultConfigurationIsVisible = 0;
		};
		B8D1884D1AFE9E7A003E5DBE /* Build configuration list for PBXNativeTarget "goodwillTests" */ = {
			isa = XCConfigurationList;
			buildConfigurations = (
				B8D1884E1AFE9E7A003E5DBE /* Debug */,
				B8D1884F1AFE9E7A003E5DBE /* Release */,
			);
			defaultConfigurationIsVisible = 0;
		};
/* End XCConfigurationList section */
	};
	rootObject = B8D1881F1AFE9E7A003E5DBE /* Project object */;
}
